<?xml version="1.0" encoding="utf-8"?>
<Project ToolsVersion="4.0" xmlns="http://schemas.microsoft.com/developer/msbuild/2003">
  <ItemGroup>
    <Filter Include="Source Files">
      <UniqueIdentifier>{edc437e0-d9dd-4317-bfce-52e1c45ceeb1}</UniqueIdentifier>
      <Extensions>cpp;c;cxx;rc;def;r;odl;idl;hpj;bat</Extensions>
    </Filter>
    <Filter Include="Header Files">
      <UniqueIdentifier>{10bbf50e-4185-4509-a132-ed8bb6c85bea}</UniqueIdentifier>
      <Extensions>h;hpp;hxx;hm;inl</Extensions>
    </Filter>
    <Filter Include="Resource Files">
      <UniqueIdentifier>{8d594412-4c3b-4e97-a123-6c094d8142c8}</UniqueIdentifier>
      <Extensions>ico;cur;bmp;dlg;rc2;rct;bin;rgs;gif;jpg;jpeg;jpe</Extensions>
    </Filter>
  </ItemGroup>
  <ItemGroup>
    <ClCompile Include="Director.cpp">
      <Filter>Source Files</Filter>
    </ClCompile>
    <ClCompile Include="Patternsland.cpp">
      <Filter>Source Files</Filter>
    </ClCompile>
    <ClCompile Include="StdAfx.cpp">
      <Filter>Source Files</Filter>
    </ClCompile>
    <ClCompile Include="VacationBuilder.cpp">
      <Filter>Source Files</Filter>
    </ClCompile>
    <ClCompile Include="VacationComponent.cpp">
      <Filter>Source Files</Filter>
    </ClCompile>
    <ClCompile Include="VacationItem.cpp">
      <Filter>Source Files</Filter>
    </ClCompile>
    <ClCompile Include="VacationPlanner.cpp">
      <Filter>Source Files</Filter>
    </ClCompile>
  </ItemGroup>
  <ItemGroup>
    <ClInclude Include="Director.h">
      <Filter>Header Files</Filter>
    </ClInclude>
    <ClInclude Include="IFace.h">
      <Filter>Header Files</Filter>
    </ClInclude>
    <ClInclude Include="StdAfx.h">
      <Filter>Header Files</Filter>
    </ClInclude>
    <ClInclude Include="targetver.h">
      <Filter>Header Files</Filter>
    </ClInclude>
    <ClInclude Include="VacationBuilder.h">
      <Filter>Header Files</Filter>
    </ClInclude>
    <ClInclude Include="VacationComponent.h">
      <Filter>Header Files</Filter>
    </ClInclude>
    <ClInclude Include="VacationItem.h">
      <Filter>Header Files</Filter>
    </ClInclude>
    <ClInclude Include="VacationPlanner.h">
      <Filter>Header Files</Filter>
    </ClInclude>
  </ItemGroup>
  <ItemGroup>
    <None Include="ReadMe.txt" />
  </ItemGroup>
</Project>