
Microsoft Visual Studio Solution File, Format Version 11.00
# Visual Studio 2010
Project("{8BC9CEB8-8B4A-11D0-8D11-00A0C91BC942}") = "GumballMonitorTestDrive", "GumballMonitorTestDrive.vcxproj", "{98A18ED3-DD0B-4B3A-ACF6-85CC5053BC2E}"
EndProject
Global
	GlobalSection(SolutionConfigurationPlatforms) = preSolution
		Debug|Win32 = Debug|Win32
		Release|Win32 = Release|Win32
	EndGlobalSection
	GlobalSection(ProjectConfigurationPlatforms) = postSolution
		{98A18ED3-DD0B-4B3A-ACF6-85CC5053BC2E}.Debug|Win32.ActiveCfg = Debug|Win32
		{98A18ED3-DD0B-4B3A-ACF6-85CC5053BC2E}.Debug|Win32.Build.0 = Debug|Win32
		{98A18ED3-DD0B-4B3A-ACF6-85CC5053BC2E}.Release|Win32.ActiveCfg = Release|Win32
		{98A18ED3-DD0B-4B3A-ACF6-85CC5053BC2E}.Release|Win32.Build.0 = Release|Win32
	EndGlobalSection
	GlobalSection(SolutionProperties) = preSolution
		HideSolutionNode = FALSE
	EndGlobalSection
EndGlobal
