<?xml version="1.0" encoding="utf-8"?>
<Project ToolsVersion="4.0" xmlns="http://schemas.microsoft.com/developer/msbuild/2003">
  <ItemGroup>
    <Filter Include="Source Files">
      <UniqueIdentifier>{4FC737F1-C7A5-4376-A066-2A32D752A2FF}</UniqueIdentifier>
      <Extensions>cpp;c;cc;cxx;def;odl;idl;hpj;bat;asm;asmx</Extensions>
    </Filter>
    <Filter Include="Header Files">
      <UniqueIdentifier>{93995380-89BD-4b04-88EB-625FBE52EBFB}</UniqueIdentifier>
      <Extensions>h;hpp;hxx;hm;inl;inc;xsd</Extensions>
    </Filter>
    <Filter Include="Resource Files">
      <UniqueIdentifier>{67DA6AB6-F800-4c08-8B7A-83BB121AAD01}</UniqueIdentifier>
      <Extensions>rc;ico;cur;bmp;dlg;rc2;rct;bin;rgs;gif;jpg;jpeg;jpe;resx;tiff;tif;png;wav</Extensions>
    </Filter>
  </ItemGroup>
  <ItemGroup>
    <ClCompile Include="ChicagoPizzaStore.cpp">
      <Filter>Source Files</Filter>
    </ClCompile>
    <ClCompile Include="ChicagoStyleCheesePizza.cpp">
      <Filter>Source Files</Filter>
    </ClCompile>
    <ClCompile Include="ChicagoStyleClamPizza.cpp">
      <Filter>Source Files</Filter>
    </ClCompile>
    <ClCompile Include="ChicagoStylePepperoniPizza.cpp">
      <Filter>Source Files</Filter>
    </ClCompile>
    <ClCompile Include="ChicagoStyleVeggiePizza.cpp">
      <Filter>Source Files</Filter>
    </ClCompile>
    <ClCompile Include="NYPizzaStore.cpp">
      <Filter>Source Files</Filter>
    </ClCompile>
    <ClCompile Include="NYStyleCheesePizza.cpp">
      <Filter>Source Files</Filter>
    </ClCompile>
    <ClCompile Include="NYStyleClamPizza.cpp">
      <Filter>Source Files</Filter>
    </ClCompile>
    <ClCompile Include="NYStylePepperoniPizza.cpp">
      <Filter>Source Files</Filter>
    </ClCompile>
    <ClCompile Include="NYStyleVeggiePizza.cpp">
      <Filter>Source Files</Filter>
    </ClCompile>
    <ClCompile Include="Pizza.cpp">
      <Filter>Source Files</Filter>
    </ClCompile>
    <ClCompile Include="PizzaStore.cpp">
      <Filter>Source Files</Filter>
    </ClCompile>
    <ClCompile Include="PizzaTestDrive.cpp">
      <Filter>Source Files</Filter>
    </ClCompile>
    <ClCompile Include="stdafx.cpp">
      <Filter>Source Files</Filter>
    </ClCompile>
  </ItemGroup>
  <ItemGroup>
    <ClInclude Include="ChicagoPizzaStore.h">
      <Filter>Header Files</Filter>
    </ClInclude>
    <ClInclude Include="ChicagoStyleCheesePizza.h">
      <Filter>Header Files</Filter>
    </ClInclude>
    <ClInclude Include="ChicagoStyleClamPizza.h">
      <Filter>Header Files</Filter>
    </ClInclude>
    <ClInclude Include="ChicagoStylePepperoniPizza.h">
      <Filter>Header Files</Filter>
    </ClInclude>
    <ClInclude Include="ChicagoStyleVeggiePizza.h">
      <Filter>Header Files</Filter>
    </ClInclude>
    <ClInclude Include="NYPizzaStore.h">
      <Filter>Header Files</Filter>
    </ClInclude>
    <ClInclude Include="NYStyleCheesePizza.h">
      <Filter>Header Files</Filter>
    </ClInclude>
    <ClInclude Include="NYStyleClamPizza.h">
      <Filter>Header Files</Filter>
    </ClInclude>
    <ClInclude Include="NYStylePepperoniPizza.h">
      <Filter>Header Files</Filter>
    </ClInclude>
    <ClInclude Include="NYStyleVeggiePizza.h">
      <Filter>Header Files</Filter>
    </ClInclude>
    <ClInclude Include="Pizza.h">
      <Filter>Header Files</Filter>
    </ClInclude>
    <ClInclude Include="PizzaStore.h">
      <Filter>Header Files</Filter>
    </ClInclude>
    <ClInclude Include="stdafx.h">
      <Filter>Header Files</Filter>
    </ClInclude>
    <ClInclude Include="targetver.h">
      <Filter>Header Files</Filter>
    </ClInclude>
  </ItemGroup>
  <ItemGroup>
    <None Include="ReadMe.txt" />
  </ItemGroup>
</Project>