<?xml version="1.0" encoding="utf-8"?>
<Project ToolsVersion="4.0" xmlns="http://schemas.microsoft.com/developer/msbuild/2003">
  <ItemGroup>
    <Filter Include="Source Files">
      <UniqueIdentifier>{4FC737F1-C7A5-4376-A066-2A32D752A2FF}</UniqueIdentifier>
      <Extensions>cpp;c;cc;cxx;def;odl;idl;hpj;bat;asm;asmx</Extensions>
    </Filter>
    <Filter Include="Header Files">
      <UniqueIdentifier>{93995380-89BD-4b04-88EB-625FBE52EBFB}</UniqueIdentifier>
      <Extensions>h;hpp;hxx;hm;inl;inc;xsd</Extensions>
    </Filter>
    <Filter Include="Resource Files">
      <UniqueIdentifier>{67DA6AB6-F800-4c08-8B7A-83BB121AAD01}</UniqueIdentifier>
      <Extensions>rc;ico;cur;bmp;dlg;rc2;rct;bin;rgs;gif;jpg;jpeg;jpe;resx;tiff;tif;png;wav</Extensions>
    </Filter>
  </ItemGroup>
  <ItemGroup>
    <ClCompile Include="DialogView.cpp">
      <Filter>Source Files</Filter>
    </ClCompile>
    <ClCompile Include="DJTestDrive.cpp">
      <Filter>Source Files</Filter>
    </ClCompile>
    <ClCompile Include="DJView.cpp">
      <Filter>Source Files</Filter>
    </ClCompile>
    <ClCompile Include="HeartAdapter.cpp">
      <Filter>Source Files</Filter>
    </ClCompile>
    <ClCompile Include="HeartController.cpp">
      <Filter>Source Files</Filter>
    </ClCompile>
    <ClCompile Include="HeartModel.cpp">
      <Filter>Source Files</Filter>
    </ClCompile>
    <ClCompile Include="stdafx.cpp">
      <Filter>Source Files</Filter>
    </ClCompile>
  </ItemGroup>
  <ItemGroup>
    <ClInclude Include="DialogView.h">
      <Filter>Header Files</Filter>
    </ClInclude>
    <ClInclude Include="DJTestDrive.h">
      <Filter>Header Files</Filter>
    </ClInclude>
    <ClInclude Include="DJView.h">
      <Filter>Header Files</Filter>
    </ClInclude>
    <ClInclude Include="HeartAdapter.h">
      <Filter>Header Files</Filter>
    </ClInclude>
    <ClInclude Include="HeartController.h">
      <Filter>Header Files</Filter>
    </ClInclude>
    <ClInclude Include="HeartModel.h">
      <Filter>Header Files</Filter>
    </ClInclude>
    <ClInclude Include="IFace.h">
      <Filter>Header Files</Filter>
    </ClInclude>
    <ClInclude Include="Resource.h">
      <Filter>Header Files</Filter>
    </ClInclude>
    <ClInclude Include="stdafx.h">
      <Filter>Header Files</Filter>
    </ClInclude>
    <ClInclude Include="targetver.h">
      <Filter>Header Files</Filter>
    </ClInclude>
  </ItemGroup>
  <ItemGroup>
    <None Include="res\DJTestDrive.ico">
      <Filter>Resource Files</Filter>
    </None>
    <None Include="res\DJTestDrive.rc2">
      <Filter>Resource Files</Filter>
    </None>
    <None Include="ReadMe.txt" />
  </ItemGroup>
  <ItemGroup>
    <ResourceCompile Include="DJTestDrive.rc">
      <Filter>Resource Files</Filter>
    </ResourceCompile>
  </ItemGroup>
</Project>