
Microsoft Visual Studio Solution File, Format Version 11.00
# Visual Studio 2010
Project("{8BC9CEB8-8B4A-11D0-8D11-00A0C91BC942}") = "ChocolateController", "ChocolateController.vcxproj", "{16059F1D-776D-4D64-A429-E6A95E757D79}"
EndProject
Global
	GlobalSection(SolutionConfigurationPlatforms) = preSolution
		Debug|Win32 = Debug|Win32
		Release|Win32 = Release|Win32
	EndGlobalSection
	GlobalSection(ProjectConfigurationPlatforms) = postSolution
		{16059F1D-776D-4D64-A429-E6A95E757D79}.Debug|Win32.ActiveCfg = Debug|Win32
		{16059F1D-776D-4D64-A429-E6A95E757D79}.Debug|Win32.Build.0 = Debug|Win32
		{16059F1D-776D-4D64-A429-E6A95E757D79}.Release|Win32.ActiveCfg = Release|Win32
		{16059F1D-776D-4D64-A429-E6A95E757D79}.Release|Win32.Build.0 = Release|Win32
	EndGlobalSection
	GlobalSection(SolutionProperties) = preSolution
		HideSolutionNode = FALSE
	EndGlobalSection
EndGlobal
