<?xml version="1.0" encoding="utf-8"?>
<Project ToolsVersion="4.0" xmlns="http://schemas.microsoft.com/developer/msbuild/2003">
  <ItemGroup>
    <Filter Include="Source Files">
      <UniqueIdentifier>{12934924-90e6-423b-9b0e-f5bccc88694d}</UniqueIdentifier>
      <Extensions>cpp;c;cxx;rc;def;r;odl;idl;hpj;bat</Extensions>
    </Filter>
    <Filter Include="Header Files">
      <UniqueIdentifier>{a5d6a02f-ea16-4bfd-9ef3-2501bd2719f5}</UniqueIdentifier>
      <Extensions>h;hpp;hxx;hm;inl</Extensions>
    </Filter>
    <Filter Include="Resource Files">
      <UniqueIdentifier>{d8f66bf4-6cc9-46b4-83f7-fc22ce633e1c}</UniqueIdentifier>
      <Extensions>ico;cur;bmp;dlg;rc2;rct;bin;rgs;gif;jpg;jpeg;jpe</Extensions>
    </Filter>
  </ItemGroup>
  <ItemGroup>
    <ClCompile Include="ConcreateRemote.cpp">
      <Filter>Source Files</Filter>
    </ClCompile>
    <ClCompile Include="Rca.cpp">
      <Filter>Source Files</Filter>
    </ClCompile>
    <ClCompile Include="Sony.cpp">
      <Filter>Source Files</Filter>
    </ClCompile>
    <ClCompile Include="StdAfx.cpp">
      <Filter>Source Files</Filter>
    </ClCompile>
    <ClCompile Include="TvRemoteTest.cpp">
      <Filter>Source Files</Filter>
    </ClCompile>
  </ItemGroup>
  <ItemGroup>
    <ClInclude Include="ConcreateRemote.h">
      <Filter>Header Files</Filter>
    </ClInclude>
    <ClInclude Include="IFace.h">
      <Filter>Header Files</Filter>
    </ClInclude>
    <ClInclude Include="Rca.h">
      <Filter>Header Files</Filter>
    </ClInclude>
    <ClInclude Include="Sony.h">
      <Filter>Header Files</Filter>
    </ClInclude>
    <ClInclude Include="StdAfx.h">
      <Filter>Header Files</Filter>
    </ClInclude>
  </ItemGroup>
  <ItemGroup>
    <None Include="ReadMe.txt" />
  </ItemGroup>
</Project>