<?xml version="1.0" encoding="utf-8"?>
<Project ToolsVersion="4.0" xmlns="http://schemas.microsoft.com/developer/msbuild/2003">
  <ItemGroup>
    <Filter Include="Source Files">
      <UniqueIdentifier>{4FC737F1-C7A5-4376-A066-2A32D752A2FF}</UniqueIdentifier>
      <Extensions>cpp;c;cc;cxx;def;odl;idl;hpj;bat;asm;asmx</Extensions>
    </Filter>
    <Filter Include="Header Files">
      <UniqueIdentifier>{93995380-89BD-4b04-88EB-625FBE52EBFB}</UniqueIdentifier>
      <Extensions>h;hpp;hxx;hm;inl;inc;xsd</Extensions>
    </Filter>
    <Filter Include="Resource Files">
      <UniqueIdentifier>{67DA6AB6-F800-4c08-8B7A-83BB121AAD01}</UniqueIdentifier>
      <Extensions>rc;ico;cur;bmp;dlg;rc2;rct;bin;rgs;gif;jpg;jpeg;jpe;resx;tiff;tif;png;wav</Extensions>
    </Filter>
  </ItemGroup>
  <ItemGroup>
    <ClCompile Include="BlackOlives.cpp">
      <Filter>Source Files</Filter>
    </ClCompile>
    <ClCompile Include="CheesePizza.cpp">
      <Filter>Source Files</Filter>
    </ClCompile>
    <ClCompile Include="ChicagoPizzaIngredientFactory.cpp">
      <Filter>Source Files</Filter>
    </ClCompile>
    <ClCompile Include="ChicagoPizzaStore.cpp">
      <Filter>Source Files</Filter>
    </ClCompile>
    <ClCompile Include="ClamPizza.cpp">
      <Filter>Source Files</Filter>
    </ClCompile>
    <ClCompile Include="Eggplant.cpp">
      <Filter>Source Files</Filter>
    </ClCompile>
    <ClCompile Include="FreshClams.cpp">
      <Filter>Source Files</Filter>
    </ClCompile>
    <ClCompile Include="FrozenClams.cpp">
      <Filter>Source Files</Filter>
    </ClCompile>
    <ClCompile Include="Garlic.cpp">
      <Filter>Source Files</Filter>
    </ClCompile>
    <ClCompile Include="MarinaraSauce.cpp">
      <Filter>Source Files</Filter>
    </ClCompile>
    <ClCompile Include="MozzarellaCheese.cpp">
      <Filter>Source Files</Filter>
    </ClCompile>
    <ClCompile Include="Mushroom.cpp">
      <Filter>Source Files</Filter>
    </ClCompile>
    <ClCompile Include="NYPizzaIngredientFactory.cpp">
      <Filter>Source Files</Filter>
    </ClCompile>
    <ClCompile Include="NYPizzaStore.cpp">
      <Filter>Source Files</Filter>
    </ClCompile>
    <ClCompile Include="Onion.cpp">
      <Filter>Source Files</Filter>
    </ClCompile>
    <ClCompile Include="ParmesanCheese.cpp">
      <Filter>Source Files</Filter>
    </ClCompile>
    <ClCompile Include="PepperoniPizza.cpp">
      <Filter>Source Files</Filter>
    </ClCompile>
    <ClCompile Include="Pizza.cpp">
      <Filter>Source Files</Filter>
    </ClCompile>
    <ClCompile Include="PizzaStore.cpp">
      <Filter>Source Files</Filter>
    </ClCompile>
    <ClCompile Include="PizzaTestDrive.cpp">
      <Filter>Source Files</Filter>
    </ClCompile>
    <ClCompile Include="PlumTomatoSauce.cpp">
      <Filter>Source Files</Filter>
    </ClCompile>
    <ClCompile Include="RedPepper.cpp">
      <Filter>Source Files</Filter>
    </ClCompile>
    <ClCompile Include="ReggianoCheese.cpp">
      <Filter>Source Files</Filter>
    </ClCompile>
    <ClCompile Include="SlicedPepperoni.cpp">
      <Filter>Source Files</Filter>
    </ClCompile>
    <ClCompile Include="Spinach.cpp">
      <Filter>Source Files</Filter>
    </ClCompile>
    <ClCompile Include="stdafx.cpp">
      <Filter>Source Files</Filter>
    </ClCompile>
    <ClCompile Include="ThickCrustDough.cpp">
      <Filter>Source Files</Filter>
    </ClCompile>
    <ClCompile Include="ThinCrustDough.cpp">
      <Filter>Source Files</Filter>
    </ClCompile>
    <ClCompile Include="VeggiePizza.cpp">
      <Filter>Source Files</Filter>
    </ClCompile>
  </ItemGroup>
  <ItemGroup>
    <ClInclude Include="BlackOlives.h">
      <Filter>Header Files</Filter>
    </ClInclude>
    <ClInclude Include="CheesePizza.h">
      <Filter>Header Files</Filter>
    </ClInclude>
    <ClInclude Include="ChicagoPizzaIngredientFactory.h">
      <Filter>Header Files</Filter>
    </ClInclude>
    <ClInclude Include="ChicagoPizzaStore.h">
      <Filter>Header Files</Filter>
    </ClInclude>
    <ClInclude Include="ClamPizza.h">
      <Filter>Header Files</Filter>
    </ClInclude>
    <ClInclude Include="Eggplant.h">
      <Filter>Header Files</Filter>
    </ClInclude>
    <ClInclude Include="FreshClams.h">
      <Filter>Header Files</Filter>
    </ClInclude>
    <ClInclude Include="FrozenClams.h">
      <Filter>Header Files</Filter>
    </ClInclude>
    <ClInclude Include="Garlic.h">
      <Filter>Header Files</Filter>
    </ClInclude>
    <ClInclude Include="IFace.h">
      <Filter>Header Files</Filter>
    </ClInclude>
    <ClInclude Include="MarinaraSauce.h">
      <Filter>Header Files</Filter>
    </ClInclude>
    <ClInclude Include="MozzarellaCheese.h">
      <Filter>Header Files</Filter>
    </ClInclude>
    <ClInclude Include="Mushroom.h">
      <Filter>Header Files</Filter>
    </ClInclude>
    <ClInclude Include="NYPizzaIngredientFactory.h">
      <Filter>Header Files</Filter>
    </ClInclude>
    <ClInclude Include="NYPizzaStore.h">
      <Filter>Header Files</Filter>
    </ClInclude>
    <ClInclude Include="Onion.h">
      <Filter>Header Files</Filter>
    </ClInclude>
    <ClInclude Include="ParmesanCheese.h">
      <Filter>Header Files</Filter>
    </ClInclude>
    <ClInclude Include="PepperoniPizza.h">
      <Filter>Header Files</Filter>
    </ClInclude>
    <ClInclude Include="Pizza.h">
      <Filter>Header Files</Filter>
    </ClInclude>
    <ClInclude Include="PizzaStore.h">
      <Filter>Header Files</Filter>
    </ClInclude>
    <ClInclude Include="PlumTomatoSauce.h">
      <Filter>Header Files</Filter>
    </ClInclude>
    <ClInclude Include="RedPepper.h">
      <Filter>Header Files</Filter>
    </ClInclude>
    <ClInclude Include="ReggianoCheese.h">
      <Filter>Header Files</Filter>
    </ClInclude>
    <ClInclude Include="SlicedPepperoni.h">
      <Filter>Header Files</Filter>
    </ClInclude>
    <ClInclude Include="Spinach.h">
      <Filter>Header Files</Filter>
    </ClInclude>
    <ClInclude Include="stdafx.h">
      <Filter>Header Files</Filter>
    </ClInclude>
    <ClInclude Include="targetver.h">
      <Filter>Header Files</Filter>
    </ClInclude>
    <ClInclude Include="ThickCrustDough.h">
      <Filter>Header Files</Filter>
    </ClInclude>
    <ClInclude Include="ThinCrustDough.h">
      <Filter>Header Files</Filter>
    </ClInclude>
    <ClInclude Include="VeggiePizza.h">
      <Filter>Header Files</Filter>
    </ClInclude>
  </ItemGroup>
  <ItemGroup>
    <None Include="ReadMe.txt" />
  </ItemGroup>
</Project>