<?xml version="1.0" encoding="utf-8"?>
<Project ToolsVersion="4.0" xmlns="http://schemas.microsoft.com/developer/msbuild/2003">
  <ItemGroup>
    <Filter Include="Source Files">
      <UniqueIdentifier>{4FC737F1-C7A5-4376-A066-2A32D752A2FF}</UniqueIdentifier>
      <Extensions>cpp;c;cc;cxx;def;odl;idl;hpj;bat;asm;asmx</Extensions>
    </Filter>
    <Filter Include="Header Files">
      <UniqueIdentifier>{93995380-89BD-4b04-88EB-625FBE52EBFB}</UniqueIdentifier>
      <Extensions>h;hpp;hxx;hm;inl;inc;xsd</Extensions>
    </Filter>
    <Filter Include="Resource Files">
      <UniqueIdentifier>{67DA6AB6-F800-4c08-8B7A-83BB121AAD01}</UniqueIdentifier>
      <Extensions>rc;ico;cur;bmp;dlg;rc2;rct;bin;rgs;gif;jpg;jpeg;jpe;resx;tiff;tif;png;wav</Extensions>
    </Filter>
  </ItemGroup>
  <ItemGroup>
    <ClCompile Include="CeilingFan.cpp">
      <Filter>Source Files</Filter>
    </ClCompile>
    <ClCompile Include="CeilingFanHighCommand.cpp">
      <Filter>Source Files</Filter>
    </ClCompile>
    <ClCompile Include="CeilingFanLowCommand.cpp">
      <Filter>Source Files</Filter>
    </ClCompile>
    <ClCompile Include="CeilingFanMediumCommand.cpp">
      <Filter>Source Files</Filter>
    </ClCompile>
    <ClCompile Include="CeilingFanOffCommand.cpp">
      <Filter>Source Files</Filter>
    </ClCompile>
    <ClCompile Include="CeilingFanOnCommand.cpp">
      <Filter>Source Files</Filter>
    </ClCompile>
    <ClCompile Include="DimmerLightOffCommand.cpp">
      <Filter>Source Files</Filter>
    </ClCompile>
    <ClCompile Include="DimmerLightOnCommand.cpp">
      <Filter>Source Files</Filter>
    </ClCompile>
    <ClCompile Include="Light.cpp">
      <Filter>Source Files</Filter>
    </ClCompile>
    <ClCompile Include="LightOffCommand.cpp">
      <Filter>Source Files</Filter>
    </ClCompile>
    <ClCompile Include="LightOnCommand.cpp">
      <Filter>Source Files</Filter>
    </ClCompile>
    <ClCompile Include="NoCommand.cpp">
      <Filter>Source Files</Filter>
    </ClCompile>
    <ClCompile Include="RemoteControlWithUndo.cpp">
      <Filter>Source Files</Filter>
    </ClCompile>
    <ClCompile Include="RemoteLoader.cpp">
      <Filter>Source Files</Filter>
    </ClCompile>
    <ClCompile Include="stdafx.cpp">
      <Filter>Source Files</Filter>
    </ClCompile>
  </ItemGroup>
  <ItemGroup>
    <ClInclude Include="CeilingFan.h">
      <Filter>Header Files</Filter>
    </ClInclude>
    <ClInclude Include="CeilingFanHighCommand.h">
      <Filter>Header Files</Filter>
    </ClInclude>
    <ClInclude Include="CeilingFanLowCommand.h">
      <Filter>Header Files</Filter>
    </ClInclude>
    <ClInclude Include="CeilingFanMediumCommand.h">
      <Filter>Header Files</Filter>
    </ClInclude>
    <ClInclude Include="CeilingFanOffCommand.h">
      <Filter>Header Files</Filter>
    </ClInclude>
    <ClInclude Include="CeilingFanOnCommand.h">
      <Filter>Header Files</Filter>
    </ClInclude>
    <ClInclude Include="DimmerLightOffCommand.h">
      <Filter>Header Files</Filter>
    </ClInclude>
    <ClInclude Include="DimmerLightOnCommand.h">
      <Filter>Header Files</Filter>
    </ClInclude>
    <ClInclude Include="IFace.h">
      <Filter>Header Files</Filter>
    </ClInclude>
    <ClInclude Include="Light.h">
      <Filter>Header Files</Filter>
    </ClInclude>
    <ClInclude Include="LightOffCommand.h">
      <Filter>Header Files</Filter>
    </ClInclude>
    <ClInclude Include="LightOnCommand.h">
      <Filter>Header Files</Filter>
    </ClInclude>
    <ClInclude Include="NoCommand.h">
      <Filter>Header Files</Filter>
    </ClInclude>
    <ClInclude Include="RemoteControlWithUndo.h">
      <Filter>Header Files</Filter>
    </ClInclude>
    <ClInclude Include="stdafx.h">
      <Filter>Header Files</Filter>
    </ClInclude>
    <ClInclude Include="targetver.h">
      <Filter>Header Files</Filter>
    </ClInclude>
  </ItemGroup>
  <ItemGroup>
    <None Include="ReadMe.txt" />
  </ItemGroup>
</Project>